[{<<"ddb_client">>,{pkg,<<"ddb_client">>,<<"0.1.20">>},0},
 {<<"dproto">>,{pkg,<<"dproto">>,<<"0.1.14">>},1},
 {<<"dqe_idx">>,{pkg,<<"dqe_idx">>,<<"0.1.12">>},0},
 {<<"dqe_idx_pg">>,{pkg,<<"dqe_idx_pg">>,<<"0.1.18">>},0},
 {<<"epgsql">>,{pkg,<<"epgsql">>,<<"3.1.1">>},2},
 {<<"goldrush">>,{pkg,<<"goldrush">>,<<"0.1.7">>},2},
 {<<"lager">>,{pkg,<<"lager">>,<<"2.1.1">>},1},
 {<<"mmath">>,{pkg,<<"mmath">>,<<"0.1.16">>},1},
 {<<"pgapp">>,{pkg,<<"pgapp">>,<<"0.0.1">>},1},
 {<<"poolboy">>,{pkg,<<"poolboy">>,<<"1.5.1">>},2},
 {<<"ranch">>,{pkg,<<"ranch">>,<<"1.2.1">>},0}].
