{"1.1.0",
[{<<"certifi">>,{pkg,<<"certifi">>,<<"0.7.0">>},1},
 {<<"cowboy">>,{pkg,<<"cowboy">>,<<"1.0.4">>},0},
 {<<"cowlib">>,{pkg,<<"cowlib">>,<<"1.0.2">>},1},
 {<<"ddb_client">>,{pkg,<<"ddb_client">>,<<"0.1.33">>},1},
 {<<"ddb_connection">>,{pkg,<<"ddb_connection">>,<<"0.1.18">>},0},
 {<<"dp_decoder">>,{pkg,<<"dp_decoder">>,<<"0.2.15">>},0},
 {<<"dproto">>,{pkg,<<"dproto">>,<<"0.1.25">>},2},
 {<<"dqe_idx">>,{pkg,<<"dqe_idx">>,<<"0.2.1">>},0},
 {<<"dqe_idx_pg">>,{pkg,<<"dqe_idx_pg">>,<<"0.3.5">>},0},
 {<<"epgsql">>,{pkg,<<"epgsql">>,<<"3.1.1">>},2},
 {<<"fifo_utils">>,{pkg,<<"fifo_utils">>,<<"0.1.27">>},0},
 {<<"goldrush">>,{pkg,<<"goldrush">>,<<"0.1.8">>},1},
 {<<"hackney">>,{pkg,<<"hackney">>,<<"1.6.3">>},0},
 {<<"idna">>,{pkg,<<"idna">>,<<"1.2.0">>},1},
 {<<"jsone">>,{pkg,<<"jsone">>,<<"1.2.6">>},0},
 {<<"jsxd">>,{pkg,<<"jsxd">>,<<"0.2.3">>},3},
 {<<"lager">>,{pkg,<<"lager">>,<<"3.2.1">>},0},
 {<<"metrics">>,{pkg,<<"metrics">>,<<"1.0.1">>},1},
 {<<"mimerl">>,{pkg,<<"mimerl">>,<<"1.0.2">>},1},
 {<<"mmath">>,{pkg,<<"mmath">>,<<"0.2.12">>},0},
 {<<"pgapp">>,{pkg,<<"pgapp">>,<<"0.0.1">>},1},
 {<<"poolboy">>,{pkg,<<"poolboy">>,<<"1.5.1">>},1},
 {<<"quickrand">>,{pkg,<<"quickrand">>,<<"1.5.4">>},2},
 {<<"ranch">>,{pkg,<<"ranch">>,<<"1.2.1">>},0},
 {<<"recon">>,{pkg,<<"recon">>,<<"2.3.2">>},0},
 {<<"snappy">>,{pkg,<<"snappy">>,<<"1.1.1">>},2},
 {<<"ssl_verify_fun">>,{pkg,<<"ssl_verify_fun">>,<<"1.1.1">>},1},
 {<<"trie">>,{pkg,<<"trie">>,<<"1.5.4">>},0},
 {<<"uuid">>,{pkg,<<"uuid_erl">>,<<"1.5.4">>},1}]}.
[
{pkg_hash,[
 {<<"certifi">>, <<"861A57F3808F7EB0C2D1802AFEAAE0FA5DE813B0DF0979153CBAFCD853ABABAF">>},
 {<<"cowboy">>, <<"A324A8DF9F2316C833A470D918AAF73AE894278B8AA6226CE7A9BF699388F878">>},
 {<<"cowlib">>, <<"9D769A1D062C9C3AC753096F868CA121E2730B9A377DE23DEC0F7E08B1DF84EE">>},
 {<<"ddb_client">>, <<"2BFE63A47671A96269FD2AD9172A0F2784B5FC2104877C0B9B812A6C8152DE55">>},
 {<<"ddb_connection">>, <<"1EA4C1DE10E3F92E88DF4EDAF7B208578BFBF4FA692359221EC64816439550C5">>},
 {<<"dp_decoder">>, <<"4097A8834B257B7EC239CBB0AA2A3ECA83421DA400A6C3A23B0B9A54F37F1050">>},
 {<<"dproto">>, <<"94FBEF099228C05A1C603772AE7DBCA008D3E22F3D3FFDC975405EA30629C979">>},
 {<<"dqe_idx">>, <<"6BD1F0DE217DF0B213BD86CDBE19F5EEDBCAF0D5CBD51D955DB574A5C2DBA1EE">>},
 {<<"dqe_idx_pg">>, <<"147C6B3B35928E06F228CBECDF013C10943FE170BE5A9BB6368E696A25607BA7">>},
 {<<"epgsql">>, <<"DE16186C279FB73217C0666C7A21323D613EDA9395B56E122AA1B262815ADF06">>},
 {<<"fifo_utils">>, <<"63B9D8D101BA6AE5A737B872071DD9DC6CBE493CE2096FF091E3BFED26459BF5">>},
 {<<"goldrush">>, <<"2024BA375CEEA47E27EA70E14D2C483B2D8610101B4E852EF7F89163CDB6E649">>},
 {<<"hackney">>, <<"D489D7CA2D4323E307BEDC4BFE684323A7BF773ECFD77938F3EE8074E488E140">>},
 {<<"idna">>, <<"AC62EE99DA068F43C50DC69ACF700E03A62A348360126260E87F2B54ECED86B2">>},
 {<<"jsone">>, <<"3EED1BC3F34D5727A011AB84A20230F4BDD8BB2B9C07C3AD0DCF412410231A74">>},
 {<<"jsxd">>, <<"B2DBBB24A91536C50F75372FB8E28CD16691707AB53BE9449C59A8A611A581A2">>},
 {<<"lager">>, <<"EEF4E18B39E4195D37606D9088EA05BF1B745986CF8EC84F01D332456FE88D17">>},
 {<<"metrics">>, <<"25F094DEA2CDA98213CECC3AEFF09E940299D950904393B2A29D191C346A8486">>},
 {<<"mimerl">>, <<"993F9B0E084083405ED8252B99460C4F0563E41729AB42D9074FD5E52439BE88">>},
 {<<"mmath">>, <<"CE2462B59878827A7B8239F49B5A5F27F10CE27F56847C8D9A916EC65321532E">>},
 {<<"pgapp">>, <<"241E745276AFDEFF1A5911C1463BC6359AC39E874BFE324C52F24DA9BF78FA51">>},
 {<<"poolboy">>, <<"6B46163901CFD0A1B43D692657ED9D7E599853B3B21B95AE5AE0A777CF9B6CA8">>},
 {<<"quickrand">>, <<"47ADD4755CC5F209CBEFFD6F47C84061196CD7FAD99FD8FD12418EB0D06B939D">>},
 {<<"ranch">>, <<"A6FB992C10F2187B46FFD17CE398DDF8A54F691B81768F9EF5F461EA7E28C762">>},
 {<<"recon">>, <<"4444C879BE323B1B133EEC5241CB84BD3821EA194C740D75617E106BE4744318">>},
 {<<"snappy">>, <<"D63449A58F1358046B7ADAEC166AE8929C2B19881E76C4E13284304FE887C39A">>},
 {<<"ssl_verify_fun">>, <<"28A4D65B7F59893BC2C7DE786DEC1E1555BD742D336043FE644AE956C3497FBE">>},
 {<<"trie">>, <<"DC9A5A076FEE8A168FEAB7E35B5100ADC58D6B4F031F4D87CE2F372FCFFD8E53">>},
 {<<"uuid">>, <<"06240EFF3EAF013CC22274689B0C1FF6345645EE5D47A9E4ED7545EEB7698B23">>}]}
].
