{"1.1.0",
[{<<"certifi">>,{pkg,<<"certifi">>,<<"1.0.0">>},1},
 {<<"cowboy">>,{pkg,<<"cowboy">>,<<"1.1.2">>},0},
 {<<"cowlib">>,{pkg,<<"cowlib">>,<<"1.0.2">>},1},
 {<<"ddb_client">>,{pkg,<<"ddb_client">>,<<"0.5.7">>},1},
 {<<"ddb_connection">>,{pkg,<<"ddb_connection">>,<<"0.4.3">>},0},
 {<<"dp_decoder">>,{pkg,<<"dp_decoder">>,<<"0.2.16">>},0},
 {<<"dproto">>,{pkg,<<"dproto">>,<<"0.5.2">>},2},
 {<<"dqe_idx">>,{pkg,<<"dqe_idx">>,<<"0.4.2">>},0},
 {<<"dqe_idx_pg">>,{pkg,<<"dqe_idx_pg">>,<<"0.5.4">>},0},
 {<<"dynamic_compile">>,{pkg,<<"dynamic_compile">>,<<"1.0.0">>},2},
 {<<"epgsql">>,{pkg,<<"epgsql">>,<<"3.3.0">>},2},
 {<<"fifo_lager">>,{pkg,<<"fifo_lager">>,<<"0.1.4">>},0},
 {<<"fifo_utils">>,{pkg,<<"fifo_utils">>,<<"0.1.37">>},0},
 {<<"goldrush">>,{pkg,<<"goldrush">>,<<"0.1.9">>},2},
 {<<"hackney">>,{pkg,<<"hackney">>,<<"1.6.6">>},0},
 {<<"ibrowse">>,{pkg,<<"ibrowse">>,<<"4.4.0">>},2},
 {<<"idna">>,{pkg,<<"idna">>,<<"4.0.0">>},1},
 {<<"jsone">>,{pkg,<<"jsone">>,<<"1.2.6">>},0},
 {<<"jsx">>,{pkg,<<"jsx">>,<<"2.8.0">>},2},
 {<<"jsxd">>,{pkg,<<"jsxd">>,<<"0.2.4">>},3},
 {<<"lager">>,{pkg,<<"lager">>,<<"3.2.4">>},1},
 {<<"lager_graylog">>,{pkg,<<"lager_graylog">>,<<"0.1.1">>},1},
 {<<"lager_logstash_backend">>,
  {pkg,<<"lager_logstash_backend">>,<<"0.1.1">>},
  1},
 {<<"metrics">>,{pkg,<<"metrics">>,<<"1.0.1">>},1},
 {<<"mimerl">>,{pkg,<<"mimerl">>,<<"1.0.2">>},1},
 {<<"mmath">>,{pkg,<<"mmath">>,<<"0.2.17">>},0},
 {<<"otters">>,{pkg,<<"otters">>,<<"0.2.8">>},1},
 {<<"pgapp">>,{pkg,<<"pgapp">>,<<"0.0.2">>},1},
 {<<"poolboy">>,{pkg,<<"poolboy">>,<<"1.5.1">>},1},
 {<<"quickrand">>,{pkg,<<"quickrand">>,<<"1.5.4">>},2},
 {<<"ranch">>,{pkg,<<"ranch">>,<<"1.3.2">>},0},
 {<<"recon">>,{pkg,<<"recon">>,<<"2.3.2">>},0},
 {<<"snappiest">>,{pkg,<<"snappiest">>,<<"1.2.0">>},0},
 {<<"sqlmig">>,{pkg,<<"sqlmig">>,<<"0.1.5">>},1},
 {<<"ssl_verify_fun">>,{pkg,<<"ssl_verify_fun">>,<<"1.1.1">>},1},
 {<<"trie">>,{pkg,<<"trie">>,<<"1.7.1">>},0},
 {<<"uuid">>,{pkg,<<"uuid_erl">>,<<"1.5.4">>},1}]}.
[
{pkg_hash,[
 {<<"certifi">>, <<"1C787A85B1855BA354F0B8920392C19AA1D06B0EE1362F9141279620A5BE2039">>},
 {<<"cowboy">>, <<"61AC29EA970389A88ECA5A65601460162D370A70018AFE6F949A29DCA91F3BB0">>},
 {<<"cowlib">>, <<"9D769A1D062C9C3AC753096F868CA121E2730B9A377DE23DEC0F7E08B1DF84EE">>},
 {<<"ddb_client">>, <<"1BC5836D3EB6786778F6DD202B64D4649DAA44C8882FA2001BB22C1CA17C72E1">>},
 {<<"ddb_connection">>, <<"B74F010840917CFAF6088391DCC9B91A1036213E4DDF2B58B4F7FBC00AEA01C2">>},
 {<<"dp_decoder">>, <<"F08B30D5E53A8F47DD57AB1B48D81519685C9269B8FD59755EBA7E94EBA4F297">>},
 {<<"dproto">>, <<"D1C9929353589BD395CAB3E5C6E1CFC4DC8B0660527145E2DD221771D4467ABD">>},
 {<<"dqe_idx">>, <<"AF85F48FE83D023DFDA84BEE5BB5273B4A37C4A3DC4252FF4D0B5C39625833CE">>},
 {<<"dqe_idx_pg">>, <<"5EC19D0C979DA1C77B6997DECEA588410782928345ECC81D0D6D3A4DAE4D440E">>},
 {<<"dynamic_compile">>, <<"8171B2CB4953EA3ED2EF63F5B26ABF677ACD0CA32210C2A08A7A8406A743F76B">>},
 {<<"epgsql">>, <<"974A578340E52012CBAB820CE756E7ED1DF1BAF0110C59A6753D8337A2CF9454">>},
 {<<"fifo_lager">>, <<"9374233205CFC02F837FEFA28209673D7DAD1BC2ADE8534742951C34B6278817">>},
 {<<"fifo_utils">>, <<"34EC0F222281449D7BE9B057DC0D53258DB477DC9A3D33DD1BD1766479E90010">>},
 {<<"goldrush">>, <<"F06E5D5F1277DA5C413E84D5A2924174182FB108DABB39D5EC548B27424CD106">>},
 {<<"hackney">>, <<"5564B4695D48FD87859E9DF77A7FA4B4D284D24519F0CD7CC898F09E8FBDC8A3">>},
 {<<"ibrowse">>, <<"2D923325EFE0D2CB09B9C6A047B2835A5EDA69D8A47ED6FF8BC03628B764E991">>},
 {<<"idna">>, <<"10AAA9F79D0B12CF0DEF53038547855B91144F1BFCC0EC73494F38BB7B9C4961">>},
 {<<"jsone">>, <<"3EED1BC3F34D5727A011AB84A20230F4BDD8BB2B9C07C3AD0DCF412410231A74">>},
 {<<"jsx">>, <<"749BEC6D205C694AE1786D62CEA6CC45A390437E24835FD16D12D74F07097727">>},
 {<<"jsxd">>, <<"C14114AFCA463F2D03D3FB6CC81FD51CDA8CA86A47E5AC3ABDF0CA572A73A413">>},
 {<<"lager">>, <<"A6DEB74DAE7927F46BD13255268308EF03EB206EC784A94EAF7C1C0F3B811615">>},
 {<<"lager_graylog">>, <<"2C3C11A7BCAB6135F0113DF71E26742B8A301AD2D2A67917526CDD20F90898F9">>},
 {<<"lager_logstash_backend">>, <<"66405FEC3223C13D94C3112933D4234FC7BF8C7DB77A1C9C162183AB5C044F73">>},
 {<<"metrics">>, <<"25F094DEA2CDA98213CECC3AEFF09E940299D950904393B2A29D191C346A8486">>},
 {<<"mimerl">>, <<"993F9B0E084083405ED8252B99460C4F0563E41729AB42D9074FD5E52439BE88">>},
 {<<"mmath">>, <<"DFD52637B19F1EEF6B0AAAC473CAC2FC27A7190B6A6420454A917423527F3030">>},
 {<<"otters">>, <<"4D28D810E3311E9BC845FBA20EBBE88CFF4AC26320B56A277603DDE134F24DC1">>},
 {<<"pgapp">>, <<"3E104BB777C8455D8B26D1538B67ABE0188EE97B1DF973FD936C2204CB316196">>},
 {<<"poolboy">>, <<"6B46163901CFD0A1B43D692657ED9D7E599853B3B21B95AE5AE0A777CF9B6CA8">>},
 {<<"quickrand">>, <<"47ADD4755CC5F209CBEFFD6F47C84061196CD7FAD99FD8FD12418EB0D06B939D">>},
 {<<"ranch">>, <<"E4965A144DC9FBE70E5C077C65E73C57165416A901BD02EA899CFD95AA890986">>},
 {<<"recon">>, <<"4444C879BE323B1B133EEC5241CB84BD3821EA194C740D75617E106BE4744318">>},
 {<<"snappiest">>, <<"25706FEBB5ECAEA900D879A89C6D967C8D1BF700F8546BEBD0DEA514A8CCBFB7">>},
 {<<"sqlmig">>, <<"8208D222A9335C1B1171F4FD1CE4150CF28B1FDF37CA9A66715AC434ED9B9AF4">>},
 {<<"ssl_verify_fun">>, <<"28A4D65B7F59893BC2C7DE786DEC1E1555BD742D336043FE644AE956C3497FBE">>},
 {<<"trie">>, <<"2B4249CEBD7007840C051D3833C7A0ECF84A5CF8837E5D51ADBD1A9726959A9A">>},
 {<<"uuid">>, <<"06240EFF3EAF013CC22274689B0C1FF6345645EE5D47A9E4ED7545EEB7698B23">>}]}
].
